
Microsoft Visual Studio Solution File, Format Version 12.00
# Visual Studio Version 16
VisualStudioVersion = 16.0.30011.22
MinimumVisualStudioVersion = 10.0.40219.1
Project("{9A19103F-16F7-4668-BE54-9A1E7A4F7556}") = "StackAndHeap", "StackAndHeap\StackAndHeap.csproj", "{D56D97C8-392E-4B6F-B57A-8A699B1ED802}"
EndProject
Project("{9A19103F-16F7-4668-BE54-9A1E7A4F7556}") = "ReferenceParameters", "ReferenceParameters\ReferenceParameters.csproj", "{3F7AEC51-912F-4619-98D6-82B233E1AD13}"
EndProject
Project("{9A19103F-16F7-4668-BE54-9A1E7A4F7556}") = "Delegates", "Delegates\Delegates.csproj", "{E508368C-50E2-4D75-A4BB-31FA965B2D5B}"
EndProject
Project("{9A19103F-16F7-4668-BE54-9A1E7A4F7556}") = "Events", "Events\Events.csproj", "{C58AD27E-85EA-4109-A799-1AF901780FBB}"
EndProject
Project("{FAE04EC0-301F-11D3-BF4B-00C04F79EFBC}") = "UnityEngine", "UnityEngine\UnityEngine.csproj", "{B1D0790E-C4E1-4C07-AFC1-CECE756F1393}"
EndProject
Global
	GlobalSection(SolutionConfigurationPlatforms) = preSolution
		Debug|Any CPU = Debug|Any CPU
		Release|Any CPU = Release|Any CPU
	EndGlobalSection
	GlobalSection(ProjectConfigurationPlatforms) = postSolution
		{D56D97C8-392E-4B6F-B57A-8A699B1ED802}.Debug|Any CPU.ActiveCfg = Debug|Any CPU
		{D56D97C8-392E-4B6F-B57A-8A699B1ED802}.Debug|Any CPU.Build.0 = Debug|Any CPU
		{D56D97C8-392E-4B6F-B57A-8A699B1ED802}.Release|Any CPU.ActiveCfg = Release|Any CPU
		{D56D97C8-392E-4B6F-B57A-8A699B1ED802}.Release|Any CPU.Build.0 = Release|Any CPU
		{3F7AEC51-912F-4619-98D6-82B233E1AD13}.Debug|Any CPU.ActiveCfg = Debug|Any CPU
		{3F7AEC51-912F-4619-98D6-82B233E1AD13}.Debug|Any CPU.Build.0 = Debug|Any CPU
		{3F7AEC51-912F-4619-98D6-82B233E1AD13}.Release|Any CPU.ActiveCfg = Release|Any CPU
		{3F7AEC51-912F-4619-98D6-82B233E1AD13}.Release|Any CPU.Build.0 = Release|Any CPU
		{E508368C-50E2-4D75-A4BB-31FA965B2D5B}.Debug|Any CPU.ActiveCfg = Debug|Any CPU
		{E508368C-50E2-4D75-A4BB-31FA965B2D5B}.Debug|Any CPU.Build.0 = Debug|Any CPU
		{E508368C-50E2-4D75-A4BB-31FA965B2D5B}.Release|Any CPU.ActiveCfg = Release|Any CPU
		{E508368C-50E2-4D75-A4BB-31FA965B2D5B}.Release|Any CPU.Build.0 = Release|Any CPU
		{C58AD27E-85EA-4109-A799-1AF901780FBB}.Debug|Any CPU.ActiveCfg = Debug|Any CPU
		{C58AD27E-85EA-4109-A799-1AF901780FBB}.Debug|Any CPU.Build.0 = Debug|Any CPU
		{C58AD27E-85EA-4109-A799-1AF901780FBB}.Release|Any CPU.ActiveCfg = Release|Any CPU
		{C58AD27E-85EA-4109-A799-1AF901780FBB}.Release|Any CPU.Build.0 = Release|Any CPU
		{B1D0790E-C4E1-4C07-AFC1-CECE756F1393}.Debug|Any CPU.ActiveCfg = Debug|Any CPU
		{B1D0790E-C4E1-4C07-AFC1-CECE756F1393}.Debug|Any CPU.Build.0 = Debug|Any CPU
		{B1D0790E-C4E1-4C07-AFC1-CECE756F1393}.Release|Any CPU.ActiveCfg = Release|Any CPU
		{B1D0790E-C4E1-4C07-AFC1-CECE756F1393}.Release|Any CPU.Build.0 = Release|Any CPU
	EndGlobalSection
	GlobalSection(SolutionProperties) = preSolution
		HideSolutionNode = FALSE
	EndGlobalSection
	GlobalSection(ExtensibilityGlobals) = postSolution
		SolutionGuid = {692F5FC2-2266-4758-A5E1-66B6588CFB19}
	EndGlobalSection
EndGlobal
